<?xml version="1.0" encoding="utf-8"?>
<Project ToolsVersion="4.0" xmlns="http://schemas.microsoft.com/developer/msbuild/2003">
  <ItemGroup>
    <Filter Include="Source Files">
      <UniqueIdentifier>{4FC737F1-C7A5-4376-A066-2A32D752A2FF}</UniqueIdentifier>
      <Extensions>cpp;c;cc;cxx;def;odl;idl;hpj;bat;asm;asmx</Extensions>
    </Filter>
    <Filter Include="Header Files">
      <UniqueIdentifier>{93995380-89BD-4b04-88EB-625FBE52EBFB}</UniqueIdentifier>
      <Extensions>h;hh;hpp;hxx;hm;inl;inc;xsd</Extensions>
    </Filter>
    <Filter Include="Resource Files">
      <UniqueIdentifier>{67DA6AB6-F800-4c08-8B7A-83BB121AAD01}</UniqueIdentifier>
      <Extensions>rc;ico;cur;bmp;dlg;rc2;rct;bin;rgs;gif;jpg;jpeg;jpe;resx;tiff;tif;png;wav;mfcribbon-ms</Extensions>
    </Filter>
    <Filter Include="Dependencies">
      <UniqueIdentifier>{9ac79ea9-04dc-4785-a9eb-4f50ea1fe976}</UniqueIdentifier>
    </Filter>
    <Filter Include="Shaders">
      <UniqueIdentifier>{619df140-8863-4772-8c43-244520640bbf}</UniqueIdentifier>
    </Filter>
    <Filter Include="PipelineStates">
      <UniqueIdentifier>{3cbeaca2-dcf6-4aa5-a82b-03c785eea60f}</UniqueIdentifier>
    </Filter>
    <Filter Include="Shaders\renderers">
      <UniqueIdentifier>{fa6ae5b1-355a-48b3-8f1a-876fc2608b13}</UniqueIdentifier>
    </Filter>
    <Filter Include="Shaders\util">
      <UniqueIdentifier>{9449c3a9-410a-40c2-83b8-f0708565ed54}</UniqueIdentifier>
    </Filter>
    <Filter Include="Shaders\debug">
      <UniqueIdentifier>{03c3a1b6-bec0-4cbe-853b-d7a54618458c}</UniqueIdentifier>
    </Filter>
  </ItemGroup>
  <ItemGroup>
    <Text Include="ReadMe.txt" />
  </ItemGroup>
  <ItemGroup>
    <ClCompile Include="source\VulkanCore.cpp">
      <Filter>Source Files</Filter>
    </ClCompile>
    <ClCompile Include="CVCT.cpp" />
    <ClCompile Include="source\SwapChain.cpp">
      <Filter>Source Files</Filter>
    </ClCompile>
    <ClCompile Include="source\VKTools.cpp">
      <Filter>Source Files</Filter>
    </ClCompile>
    <ClCompile Include="source\VulkanDebug.cpp">
      <Filter>Source Files</Filter>
    </ClCompile>
    <ClCompile Include="source\Shader.cpp">
      <Filter>Source Files</Filter>
    </ClCompile>
    <ClCompile Include="source\AssetManager.cpp">
      <Filter>Source Files</Filter>
    </ClCompile>
    <ClCompile Include="source\OpenGEX.cpp">
      <Filter>Source Files</Filter>
    </ClCompile>
    <ClCompile Include="external\openddl\ODDLMap.cpp">
      <Filter>Dependencies</Filter>
    </ClCompile>
    <ClCompile Include="external\openddl\ODDLString.cpp">
      <Filter>Dependencies</Filter>
    </ClCompile>
    <ClCompile Include="external\openddl\ODDLTree.cpp">
      <Filter>Dependencies</Filter>
    </ClCompile>
    <ClCompile Include="external\openddl\OpenDDL.cpp">
      <Filter>Dependencies</Filter>
    </ClCompile>
    <ClCompile Include="source\ImageLoader.cpp">
      <Filter>Source Files</Filter>
    </ClCompile>
    <ClCompile Include="external\imgui\imgui.cpp">
      <Filter>Dependencies</Filter>
    </ClCompile>
    <ClCompile Include="external\imgui\imgui_demo.cpp">
      <Filter>Dependencies</Filter>
    </ClCompile>
    <ClCompile Include="external\imgui\imgui_draw.cpp">
      <Filter>Dependencies</Filter>
    </ClCompile>
    <ClCompile Include="source\Camera.cpp">
      <Filter>Source Files</Filter>
    </ClCompile>
    <ClCompile Include="source\AnisotropicVoxelTexture.cpp">
      <Filter>Source Files</Filter>
    </ClCompile>
    <ClCompile Include="source\MipMapperState.cpp">
      <Filter>PipelineStates</Filter>
    </ClCompile>
    <ClCompile Include="source\PostVoxelizerState.cpp">
      <Filter>PipelineStates</Filter>
    </ClCompile>
    <ClCompile Include="source\imgui_impl_glfw_vulkan.cpp">
      <Filter>Source Files</Filter>
    </ClCompile>
    <ClCompile Include="source\PipelineStates.cpp">
      <Filter>PipelineStates</Filter>
    </ClCompile>
    <ClCompile Include="source\VoxelizerState.cpp">
      <Filter>PipelineStates</Filter>
    </ClCompile>
    <ClCompile Include="source\VoxelGridCullingState.cpp">
      <Filter>PipelineStates</Filter>
    </ClCompile>
    <ClCompile Include="source\SceneTools.cpp">
      <Filter>Source Files</Filter>
    </ClCompile>
    <ClCompile Include="source\ForwardRenderState.cpp">
      <Filter>PipelineStates</Filter>
    </ClCompile>
    <ClCompile Include="source\DebugBoxState.cpp">
      <Filter>PipelineStates</Filter>
    </ClCompile>
  </ItemGroup>
  <ItemGroup>
    <ClInclude Include="source\VulkanCore.h">
      <Filter>Header Files</Filter>
    </ClInclude>
    <ClInclude Include="source\VulkanDebug.h">
      <Filter>Header Files</Filter>
    </ClInclude>
    <ClInclude Include="source\Defines.h">
      <Filter>Header Files</Filter>
    </ClInclude>
    <ClInclude Include="source\SwapChain.h">
      <Filter>Header Files</Filter>
    </ClInclude>
    <ClInclude Include="source\VKTools.h">
      <Filter>Header Files</Filter>
    </ClInclude>
    <ClInclude Include="source\Shader.h">
      <Filter>Header Files</Filter>
    </ClInclude>
    <ClInclude Include="source\AssetManager.h">
      <Filter>Header Files</Filter>
    </ClInclude>
    <ClInclude Include="source\OpenGEX.h">
      <Filter>Header Files</Filter>
    </ClInclude>
    <ClInclude Include="external\openddl\ODDLArray.h">
      <Filter>Dependencies</Filter>
    </ClInclude>
    <ClInclude Include="external\openddl\ODDLMap.h">
      <Filter>Dependencies</Filter>
    </ClInclude>
    <ClInclude Include="external\openddl\ODDLString.h">
      <Filter>Dependencies</Filter>
    </ClInclude>
    <ClInclude Include="external\openddl\ODDLTree.h">
      <Filter>Dependencies</Filter>
    </ClInclude>
    <ClInclude Include="external\openddl\ODDLTypes.h">
      <Filter>Dependencies</Filter>
    </ClInclude>
    <ClInclude Include="external\openddl\OpenDDL.h">
      <Filter>Dependencies</Filter>
    </ClInclude>
    <ClInclude Include="source\ImageLoader.h">
      <Filter>Header Files</Filter>
    </ClInclude>
    <ClInclude Include="source\io.h">
      <Filter>Header Files</Filter>
    </ClInclude>
    <ClInclude Include="source\DataTypes.h">
      <Filter>Header Files</Filter>
    </ClInclude>
    <ClInclude Include="external\imgui\imconfig.h">
      <Filter>Dependencies</Filter>
    </ClInclude>
    <ClInclude Include="external\imgui\imgui.h">
      <Filter>Dependencies</Filter>
    </ClInclude>
    <ClInclude Include="external\imgui\imgui_internal.h">
      <Filter>Dependencies</Filter>
    </ClInclude>
    <ClInclude Include="external\imgui\stb_rect_pack.h">
      <Filter>Dependencies</Filter>
    </ClInclude>
    <ClInclude Include="external\imgui\stb_textedit.h">
      <Filter>Dependencies</Filter>
    </ClInclude>
    <ClInclude Include="external\imgui\stb_truetype.h">
      <Filter>Dependencies</Filter>
    </ClInclude>
    <ClInclude Include="source\Camera.h">
      <Filter>Header Files</Filter>
    </ClInclude>
    <ClInclude Include="source\AnisotropicVoxelTexture.h">
      <Filter>Header Files</Filter>
    </ClInclude>
    <ClInclude Include="source\VCTPipelineDefines.h">
      <Filter>PipelineStates</Filter>
    </ClInclude>
    <ClInclude Include="source\PipelineStates.h">
      <Filter>PipelineStates</Filter>
    </ClInclude>
    <ClInclude Include="source\imgui_impl_glfw_vulkan.h">
      <Filter>Header Files</Filter>
    </ClInclude>
    <ClInclude Include="source\SceneTools.h">
      <Filter>Header Files</Filter>
    </ClInclude>
    <ClInclude Include="source\MemoryAllocator.h">
      <Filter>Header Files</Filter>
    </ClInclude>
  </ItemGroup>
  <ItemGroup>
    <None Include="external\imgui\LICENSE">
      <Filter>Dependencies</Filter>
    </None>
    <None Include="external\imgui\README.md">
      <Filter>Dependencies</Filter>
    </None>
    <None Include="bin\shaders\conetrace.comp">
      <Filter>Shaders\renderers</Filter>
    </None>
    <None Include="bin\shaders\deferredmaincomposition.vert">
      <Filter>Shaders\renderers</Filter>
    </None>
    <None Include="bin\shaders\deferredmainnonscaledcomposition.frag">
      <Filter>Shaders\renderers</Filter>
    </None>
    <None Include="bin\shaders\deferredmainscaledcomposition.frag">
      <Filter>Shaders\renderers</Filter>
    </None>
    <None Include="bin\shaders\deferredmainscaledgbuffer.frag">
      <Filter>Shaders\renderers</Filter>
    </None>
    <None Include="bin\shaders\diffuse.frag">
      <Filter>Shaders\renderers</Filter>
    </None>
    <None Include="bin\shaders\diffuse.vert">
      <Filter>Shaders\renderers</Filter>
    </None>
    <None Include="bin\shaders\mainrenderer.frag">
      <Filter>Shaders\renderers</Filter>
    </None>
    <None Include="bin\shaders\gridculling.comp">
      <Filter>Shaders\util</Filter>
    </None>
    <None Include="bin\shaders\texturemipmapper.comp">
      <Filter>Shaders\util</Filter>
    </None>
    <None Include="bin\shaders\voxelizer.frag">
      <Filter>Shaders\util</Filter>
    </None>
    <None Include="bin\shaders\voxelizer.geom">
      <Filter>Shaders\util</Filter>
    </None>
    <None Include="bin\shaders\voxelizer.vert">
      <Filter>Shaders\util</Filter>
    </None>
    <None Include="bin\shaders\voxelmipmapper.comp">
      <Filter>Shaders\util</Filter>
    </None>
    <None Include="bin\shaders\voxelizerdebug.vert">
      <Filter>Shaders\debug</Filter>
    </None>
    <None Include="bin\shaders\voxelizerdebug.frag">
      <Filter>Shaders\debug</Filter>
    </None>
    <None Include="bin\shaders\voxelizerdebug.geom">
      <Filter>Shaders\debug</Filter>
    </None>
    <None Include="bin\shaders\debugboxrenderer.frag">
      <Filter>Shaders\debug</Filter>
    </None>
    <None Include="bin\shaders\debugboxrenderer.geom">
      <Filter>Shaders\debug</Filter>
    </None>
    <None Include="bin\shaders\debugboxrenderer.vert">
      <Filter>Shaders\debug</Filter>
    </None>
    <None Include="bin\shaders\postvoxelizer.comp">
      <Filter>Shaders\util</Filter>
    </None>
  </ItemGroup>
</Project>